// !$*UTF8*$!
{
	archiveVersion = 1;
	classes = {
	};
	objectVersion = 56;
	objects = {

/* Begin PBXBuildFile section */
		F65C499F2C708BD60071B5DB /* GithubUser.swift in Sources */ = {isa = PBXBuildFile; fileRef = F65C499E2C708BD60071B5DB /* GithubUser.swift */; };
		F65C49A12C708D970071B5DB /* UserListView.swift in Sources */ = {isa = PBXBuildFile; fileRef = F65C49A02C708D970071B5DB /* UserListView.swift */; };
		F65F46AD2C709154002DEAD7 /* GithubModel.swift in Sources */ = {isa = PBXBuildFile; fileRef = F65F46AC2C709154002DEAD7 /* GithubModel.swift */; };
		F65F46AF2C709980002DEAD7 /* UserView.swift in Sources */ = {isa = PBXBuildFile; fileRef = F65F46AE2C709980002DEAD7 /* UserView.swift */; };
		F65F46B22C709FCD002DEAD7 /* UserDetailFeature.swift in Sources */ = {isa = PBXBuildFile; fileRef = F65F46B12C709FCD002DEAD7 /* UserDetailFeature.swift */; };
		F65F46B42C70A4E4002DEAD7 /* GithubRepository.swift in Sources */ = {isa = PBXBuildFile; fileRef = F65F46B32C70A4E4002DEAD7 /* GithubRepository.swift */; };
		F65F46B62C70B7F7002DEAD7 /* GIthubUserDetail.swift in Sources */ = {isa = PBXBuildFile; fileRef = F65F46B52C70B7F7002DEAD7 /* GIthubUserDetail.swift */; };
		F65F46B82C70BB05002DEAD7 /* UserDetailView.swift in Sources */ = {isa = PBXBuildFile; fileRef = F65F46B72C70BB05002DEAD7 /* UserDetailView.swift */; };
		F67D18072C6F93E4003EDFA2 /* githubAppApp.swift in Sources */ = {isa = PBXBuildFile; fileRef = F67D18062C6F93E4003EDFA2 /* githubAppApp.swift */; };
		F67D18092C6F93E4003EDFA2 /* ContentView.swift in Sources */ = {isa = PBXBuildFile; fileRef = F67D18082C6F93E4003EDFA2 /* ContentView.swift */; };
		F67D180B2C6F93E5003EDFA2 /* Assets.xcassets in Resources */ = {isa = PBXBuildFile; fileRef = F67D180A2C6F93E5003EDFA2 /* Assets.xcassets */; };
		F67D180E2C6F93E5003EDFA2 /* Preview Assets.xcassets in Resources */ = {isa = PBXBuildFile; fileRef = F67D180D2C6F93E5003EDFA2 /* Preview Assets.xcassets */; };
		F67D18332C6FBF9C003EDFA2 /* ComposableArchitecture in Frameworks */ = {isa = PBXBuildFile; productRef = F67D18322C6FBF9C003EDFA2 /* ComposableArchitecture */; };
		F67D18362C708A8A003EDFA2 /* UserListFeature.swift in Sources */ = {isa = PBXBuildFile; fileRef = F67D18352C708A8A003EDFA2 /* UserListFeature.swift */; };
		F6F7A9FB2C719B2A00E7D063 /* UserDetailProfileView.swift in Sources */ = {isa = PBXBuildFile; fileRef = F6F7A9FA2C719B2A00E7D063 /* UserDetailProfileView.swift */; };
		F6F7A9FD2C719D3500E7D063 /* UserDetailRepositoryView.swift in Sources */ = {isa = PBXBuildFile; fileRef = F6F7A9FC2C719D3500E7D063 /* UserDetailRepositoryView.swift */; };
/* End PBXBuildFile section */

/* Begin PBXFileReference section */
		F65C499E2C708BD60071B5DB /* GithubUser.swift */ = {isa = PBXFileReference; lastKnownFileType = sourcecode.swift; path = GithubUser.swift; sourceTree = "<group>"; };
		F65C49A02C708D970071B5DB /* UserListView.swift */ = {isa = PBXFileReference; lastKnownFileType = sourcecode.swift; path = UserListView.swift; sourceTree = "<group>"; };
		F65F46AC2C709154002DEAD7 /* GithubModel.swift */ = {isa = PBXFileReference; lastKnownFileType = sourcecode.swift; path = GithubModel.swift; sourceTree = "<group>"; };
		F65F46AE2C709980002DEAD7 /* UserView.swift */ = {isa = PBXFileReference; lastKnownFileType = sourcecode.swift; path = UserView.swift; sourceTree = "<group>"; };
		F65F46B12C709FCD002DEAD7 /* UserDetailFeature.swift */ = {isa = PBXFileReference; lastKnownFileType = sourcecode.swift; path = UserDetailFeature.swift; sourceTree = "<group>"; };
		F65F46B32C70A4E4002DEAD7 /* GithubRepository.swift */ = {isa = PBXFileReference; lastKnownFileType = sourcecode.swift; path = GithubRepository.swift; sourceTree = "<group>"; };
		F65F46B52C70B7F7002DEAD7 /* GIthubUserDetail.swift */ = {isa = PBXFileReference; lastKnownFileType = sourcecode.swift; path = GIthubUserDetail.swift; sourceTree = "<group>"; };
		F65F46B72C70BB05002DEAD7 /* UserDetailView.swift */ = {isa = PBXFileReference; lastKnownFileType = sourcecode.swift; path = UserDetailView.swift; sourceTree = "<group>"; };
		F67D18032C6F93E4003EDFA2 /* githubApp.app */ = {isa = PBXFileReference; explicitFileType = wrapper.application; includeInIndex = 0; path = githubApp.app; sourceTree = BUILT_PRODUCTS_DIR; };
		F67D18062C6F93E4003EDFA2 /* githubAppApp.swift */ = {isa = PBXFileReference; lastKnownFileType = sourcecode.swift; path = githubAppApp.swift; sourceTree = "<group>"; };
		F67D18082C6F93E4003EDFA2 /* ContentView.swift */ = {isa = PBXFileReference; lastKnownFileType = sourcecode.swift; path = ContentView.swift; sourceTree = "<group>"; };
		F67D180A2C6F93E5003EDFA2 /* Assets.xcassets */ = {isa = PBXFileReference; lastKnownFileType = folder.assetcatalog; path = Assets.xcassets; sourceTree = "<group>"; };
		F67D180D2C6F93E5003EDFA2 /* Preview Assets.xcassets */ = {isa = PBXFileReference; lastKnownFileType = folder.assetcatalog; path = "Preview Assets.xcassets"; sourceTree = "<group>"; };
		F67D18352C708A8A003EDFA2 /* UserListFeature.swift */ = {isa = PBXFileReference; lastKnownFileType = sourcecode.swift; path = UserListFeature.swift; sourceTree = "<group>"; };
		F6F7A9FA2C719B2A00E7D063 /* UserDetailProfileView.swift */ = {isa = PBXFileReference; lastKnownFileType = sourcecode.swift; path = UserDetailProfileView.swift; sourceTree = "<group>"; };
		F6F7A9FC2C719D3500E7D063 /* UserDetailRepositoryView.swift */ = {isa = PBXFileReference; lastKnownFileType = sourcecode.swift; path = UserDetailRepositoryView.swift; sourceTree = "<group>"; };
/* End PBXFileReference section */

/* Begin PBXFrameworksBuildPhase section */
		F67D18002C6F93E4003EDFA2 /* Frameworks */ = {
			isa = PBXFrameworksBuildPhase;
			buildActionMask = 2147483647;
			files = (
				F67D18332C6FBF9C003EDFA2 /* ComposableArchitecture in Frameworks */,
			);
			runOnlyForDeploymentPostprocessing = 0;
		};
/* End PBXFrameworksBuildPhase section */

/* Begin PBXGroup section */
		F65C499B2C708B980071B5DB /* Presentation */ = {
			isa = PBXGroup;
			children = (
				F65F46B02C709FB2002DEAD7 /* UserDetail */,
				F67D18342C708A71003EDFA2 /* UserList */,
			);
			path = Presentation;
			sourceTree = "<group>";
		};
		F65C499C2C708BA30071B5DB /* Domain */ = {
			isa = PBXGroup;
			children = (
				F65F46AB2C709114002DEAD7 /* Model */,
				F65C499D2C708BB40071B5DB /* Entity */,
			);
			path = Domain;
			sourceTree = "<group>";
		};
		F65C499D2C708BB40071B5DB /* Entity */ = {
			isa = PBXGroup;
			children = (
				F65C499E2C708BD60071B5DB /* GithubUser.swift */,
				F65F46B32C70A4E4002DEAD7 /* GithubRepository.swift */,
				F65F46B52C70B7F7002DEAD7 /* GIthubUserDetail.swift */,
			);
			path = Entity;
			sourceTree = "<group>";
		};
		F65F46AB2C709114002DEAD7 /* Model */ = {
			isa = PBXGroup;
			children = (
				F65F46AC2C709154002DEAD7 /* GithubModel.swift */,
			);
			path = Model;
			sourceTree = "<group>";
		};
		F65F46B02C709FB2002DEAD7 /* UserDetail */ = {
			isa = PBXGroup;
			children = (
				F65F46B12C709FCD002DEAD7 /* UserDetailFeature.swift */,
				F65F46B72C70BB05002DEAD7 /* UserDetailView.swift */,
				F6F7A9FA2C719B2A00E7D063 /* UserDetailProfileView.swift */,
				F6F7A9FC2C719D3500E7D063 /* UserDetailRepositoryView.swift */,
			);
			path = UserDetail;
			sourceTree = "<group>";
		};
		F67D17FA2C6F93E3003EDFA2 = {
			isa = PBXGroup;
			children = (
				F67D18052C6F93E4003EDFA2 /* githubApp */,
				F67D18042C6F93E4003EDFA2 /* Products */,
			);
			sourceTree = "<group>";
		};
		F67D18042C6F93E4003EDFA2 /* Products */ = {
			isa = PBXGroup;
			children = (
				F67D18032C6F93E4003EDFA2 /* githubApp.app */,
			);
			name = Products;
			sourceTree = "<group>";
		};
		F67D18052C6F93E4003EDFA2 /* githubApp */ = {
			isa = PBXGroup;
			children = (
				F65C499C2C708BA30071B5DB /* Domain */,
				F65C499B2C708B980071B5DB /* Presentation */,
				F67D18062C6F93E4003EDFA2 /* githubAppApp.swift */,
				F67D18082C6F93E4003EDFA2 /* ContentView.swift */,
				F67D180A2C6F93E5003EDFA2 /* Assets.xcassets */,
				F67D180C2C6F93E5003EDFA2 /* Preview Content */,
			);
			path = githubApp;
			sourceTree = "<group>";
		};
		F67D180C2C6F93E5003EDFA2 /* Preview Content */ = {
			isa = PBXGroup;
			children = (
				F67D180D2C6F93E5003EDFA2 /* Preview Assets.xcassets */,
			);
			path = "Preview Content";
			sourceTree = "<group>";
		};
		F67D18342C708A71003EDFA2 /* UserList */ = {
			isa = PBXGroup;
			children = (
				F67D18352C708A8A003EDFA2 /* UserListFeature.swift */,
				F65C49A02C708D970071B5DB /* UserListView.swift */,
				F65F46AE2C709980002DEAD7 /* UserView.swift */,
			);
			path = UserList;
			sourceTree = "<group>";
		};
/* End PBXGroup section */

/* Begin PBXNativeTarget section */
		F67D18022C6F93E4003EDFA2 /* githubApp */ = {
			isa = PBXNativeTarget;
			buildConfigurationList = F67D18272C6F93E5003EDFA2 /* Build configuration list for PBXNativeTarget "githubApp" */;
			buildPhases = (
				F67D17FF2C6F93E4003EDFA2 /* Sources */,
				F67D18002C6F93E4003EDFA2 /* Frameworks */,
				F67D18012C6F93E4003EDFA2 /* Resources */,
			);
			buildRules = (
			);
			dependencies = (
			);
			name = githubApp;
			packageProductDependencies = (
				F67D18322C6FBF9C003EDFA2 /* ComposableArchitecture */,
			);
			productName = githubApp;
			productReference = F67D18032C6F93E4003EDFA2 /* githubApp.app */;
			productType = "com.apple.product-type.application";
		};
/* End PBXNativeTarget section */

/* Begin PBXProject section */
		F67D17FB2C6F93E3003EDFA2 /* Project object */ = {
			isa = PBXProject;
			attributes = {
				BuildIndependentTargetsInParallel = 1;
				LastSwiftUpdateCheck = 1540;
				LastUpgradeCheck = 1540;
				TargetAttributes = {
					F67D18022C6F93E4003EDFA2 = {
						CreatedOnToolsVersion = 15.4;
					};
				};
			};
			buildConfigurationList = F67D17FE2C6F93E3003EDFA2 /* Build configuration list for PBXProject "githubApp" */;
			compatibilityVersion = "Xcode 14.0";
			developmentRegion = en;
			hasScannedForEncodings = 0;
			knownRegions = (
				en,
				Base,
			);
			mainGroup = F67D17FA2C6F93E3003EDFA2;
			packageReferences = (
				F67D18312C6FBF9C003EDFA2 /* XCRemoteSwiftPackageReference "swift-composable-architecture" */,
			);
			productRefGroup = F67D18042C6F93E4003EDFA2 /* Products */;
			projectDirPath = "";
			projectRoot = "";
			targets = (
				F67D18022C6F93E4003EDFA2 /* githubApp */,
			);
		};
/* End PBXProject section */

/* Begin PBXResourcesBuildPhase section */
		F67D18012C6F93E4003EDFA2 /* Resources */ = {
			isa = PBXResourcesBuildPhase;
			buildActionMask = 2147483647;
			files = (
				F67D180E2C6F93E5003EDFA2 /* Preview Assets.xcassets in Resources */,
				F67D180B2C6F93E5003EDFA2 /* Assets.xcassets in Resources */,
			);
			runOnlyForDeploymentPostprocessing = 0;
		};
/* End PBXResourcesBuildPhase section */

/* Begin PBXSourcesBuildPhase section */
		F67D17FF2C6F93E4003EDFA2 /* Sources */ = {
			isa = PBXSourcesBuildPhase;
			buildActionMask = 2147483647;
			files = (
				F65F46B42C70A4E4002DEAD7 /* GithubRepository.swift in Sources */,
				F65F46B22C709FCD002DEAD7 /* UserDetailFeature.swift in Sources */,
				F67D18092C6F93E4003EDFA2 /* ContentView.swift in Sources */,
				F65C49A12C708D970071B5DB /* UserListView.swift in Sources */,
				F6F7A9FD2C719D3500E7D063 /* UserDetailRepositoryView.swift in Sources */,
				F6F7A9FB2C719B2A00E7D063 /* UserDetailProfileView.swift in Sources */,
				F65C499F2C708BD60071B5DB /* GithubUser.swift in Sources */,
				F67D18362C708A8A003EDFA2 /* UserListFeature.swift in Sources */,
				F65F46AD2C709154002DEAD7 /* GithubModel.swift in Sources */,
				F67D18072C6F93E4003EDFA2 /* githubAppApp.swift in Sources */,
				F65F46B62C70B7F7002DEAD7 /* GIthubUserDetail.swift in Sources */,
				F65F46AF2C709980002DEAD7 /* UserView.swift in Sources */,
				F65F46B82C70BB05002DEAD7 /* UserDetailView.swift in Sources */,
			);
			runOnlyForDeploymentPostprocessing = 0;
		};
/* End PBXSourcesBuildPhase section */

/* Begin XCBuildConfiguration section */
		F67D18252C6F93E5003EDFA2 /* Debug */ = {
			isa = XCBuildConfiguration;
			buildSettings = {
				ALWAYS_SEARCH_USER_PATHS = NO;
				ASSETCATALOG_COMPILER_GENERATE_SWIFT_ASSET_SYMBOL_EXTENSIONS = YES;
				CLANG_ANALYZER_NONNULL = YES;
				CLANG_ANALYZER_NUMBER_OBJECT_CONVERSION = YES_AGGRESSIVE;
				CLANG_CXX_LANGUAGE_STANDARD = "gnu++20";
				CLANG_ENABLE_MODULES = YES;
				CLANG_ENABLE_OBJC_ARC = YES;
				CLANG_ENABLE_OBJC_WEAK = YES;
				CLANG_WARN_BLOCK_CAPTURE_AUTORELEASING = YES;
				CLANG_WARN_BOOL_CONVERSION = YES;
				CLANG_WARN_COMMA = YES;
				CLANG_WARN_CONSTANT_CONVERSION = YES;
				CLANG_WARN_DEPRECATED_OBJC_IMPLEMENTATIONS = YES;
				CLANG_WARN_DIRECT_OBJC_ISA_USAGE = YES_ERROR;
				CLANG_WARN_DOCUMENTATION_COMMENTS = YES;
				CLANG_WARN_EMPTY_BODY = YES;
				CLANG_WARN_ENUM_CONVERSION = YES;
				CLANG_WARN_INFINITE_RECURSION = YES;
				CLANG_WARN_INT_CONVERSION = YES;
				CLANG_WARN_NON_LITERAL_NULL_CONVERSION = YES;
				CLANG_WARN_OBJC_IMPLICIT_RETAIN_SELF = YES;
				CLANG_WARN_OBJC_LITERAL_CONVERSION = YES;
				CLANG_WARN_OBJC_ROOT_CLASS = YES_ERROR;
				CLANG_WARN_QUOTED_INCLUDE_IN_FRAMEWORK_HEADER = YES;
				CLANG_WARN_RANGE_LOOP_ANALYSIS = YES;
				CLANG_WARN_STRICT_PROTOTYPES = YES;
				CLANG_WARN_SUSPICIOUS_MOVE = YES;
				CLANG_WARN_UNGUARDED_AVAILABILITY = YES_AGGRESSIVE;
				CLANG_WARN_UNREACHABLE_CODE = YES;
				CLANG_WARN__DUPLICATE_METHOD_MATCH = YES;
				COPY_PHASE_STRIP = NO;
				DEBUG_INFORMATION_FORMAT = dwarf;
				ENABLE_STRICT_OBJC_MSGSEND = YES;
				ENABLE_TESTABILITY = YES;
				ENABLE_USER_SCRIPT_SANDBOXING = YES;
				GCC_C_LANGUAGE_STANDARD = gnu17;
				GCC_DYNAMIC_NO_PIC = NO;
				GCC_NO_COMMON_BLOCKS = YES;
				GCC_OPTIMIZATION_LEVEL = 0;
				GCC_PREPROCESSOR_DEFINITIONS = (
					"DEBUG=1",
					"$(inherited)",
				);
				GCC_WARN_64_TO_32_BIT_CONVERSION = YES;
				GCC_WARN_ABOUT_RETURN_TYPE = YES_ERROR;
				GCC_WARN_UNDECLARED_SELECTOR = YES;
				GCC_WARN_UNINITIALIZED_AUTOS = YES_AGGRESSIVE;
				GCC_WARN_UNUSED_FUNCTION = YES;
				GCC_WARN_UNUSED_VARIABLE = YES;
				IPHONEOS_DEPLOYMENT_TARGET = 15.0;
				LOCALIZATION_PREFERS_STRING_CATALOGS = YES;
				MTL_ENABLE_DEBUG_INFO = INCLUDE_SOURCE;
				MTL_FAST_MATH = YES;
				ONLY_ACTIVE_ARCH = YES;
				SDKROOT = iphoneos;
				SWIFT_ACTIVE_COMPILATION_CONDITIONS = "DEBUG $(inherited)";
				SWIFT_OPTIMIZATION_LEVEL = "-Onone";
			};
			name = Debug;
		};
		F67D18262C6F93E5003EDFA2 /* Release */ = {
			isa = XCBuildConfiguration;
			buildSettings = {
				ALWAYS_SEARCH_USER_PATHS = NO;
				ASSETCATALOG_COMPILER_GENERATE_SWIFT_ASSET_SYMBOL_EXTENSIONS = YES;
				CLANG_ANALYZER_NONNULL = YES;
				CLANG_ANALYZER_NUMBER_OBJECT_CONVERSION = YES_AGGRESSIVE;
				CLANG_CXX_LANGUAGE_STANDARD = "gnu++20";
				CLANG_ENABLE_MODULES = YES;
				CLANG_ENABLE_OBJC_ARC = YES;
				CLANG_ENABLE_OBJC_WEAK = YES;
				CLANG_WARN_BLOCK_CAPTURE_AUTORELEASING = YES;
				CLANG_WARN_BOOL_CONVERSION = YES;
				CLANG_WARN_COMMA = YES;
				CLANG_WARN_CONSTANT_CONVERSION = YES;
				CLANG_WARN_DEPRECATED_OBJC_IMPLEMENTATIONS = YES;
				CLANG_WARN_DIRECT_OBJC_ISA_USAGE = YES_ERROR;
				CLANG_WARN_DOCUMENTATION_COMMENTS = YES;
				CLANG_WARN_EMPTY_BODY = YES;
				CLANG_WARN_ENUM_CONVERSION = YES;
				CLANG_WARN_INFINITE_RECURSION = YES;
				CLANG_WARN_INT_CONVERSION = YES;
				CLANG_WARN_NON_LITERAL_NULL_CONVERSION = YES;
				CLANG_WARN_OBJC_IMPLICIT_RETAIN_SELF = YES;
				CLANG_WARN_OBJC_LITERAL_CONVERSION = YES;
				CLANG_WARN_OBJC_ROOT_CLASS = YES_ERROR;
				CLANG_WARN_QUOTED_INCLUDE_IN_FRAMEWORK_HEADER = YES;
				CLANG_WARN_RANGE_LOOP_ANALYSIS = YES;
				CLANG_WARN_STRICT_PROTOTYPES = YES;
				CLANG_WARN_SUSPICIOUS_MOVE = YES;
				CLANG_WARN_UNGUARDED_AVAILABILITY = YES_AGGRESSIVE;
				CLANG_WARN_UNREACHABLE_CODE = YES;
				CLANG_WARN__DUPLICATE_METHOD_MATCH = YES;
				COPY_PHASE_STRIP = NO;
				DEBUG_INFORMATION_FORMAT = "dwarf-with-dsym";
				ENABLE_NS_ASSERTIONS = NO;
				ENABLE_STRICT_OBJC_MSGSEND = YES;
				ENABLE_USER_SCRIPT_SANDBOXING = YES;
				GCC_C_LANGUAGE_STANDARD = gnu17;
				GCC_NO_COMMON_BLOCKS = YES;
				GCC_WARN_64_TO_32_BIT_CONVERSION = YES;
				GCC_WARN_ABOUT_RETURN_TYPE = YES_ERROR;
				GCC_WARN_UNDECLARED_SELECTOR = YES;
				GCC_WARN_UNINITIALIZED_AUTOS = YES_AGGRESSIVE;
				GCC_WARN_UNUSED_FUNCTION = YES;
				GCC_WARN_UNUSED_VARIABLE = YES;
				IPHONEOS_DEPLOYMENT_TARGET = 15.0;
				LOCALIZATION_PREFERS_STRING_CATALOGS = YES;
				MTL_ENABLE_DEBUG_INFO = NO;
				MTL_FAST_MATH = YES;
				SDKROOT = iphoneos;
				SWIFT_COMPILATION_MODE = wholemodule;
				VALIDATE_PRODUCT = YES;
			};
			name = Release;
		};
		F67D18282C6F93E5003EDFA2 /* Debug */ = {
			isa = XCBuildConfiguration;
			buildSettings = {
				ASSETCATALOG_COMPILER_APPICON_NAME = AppIcon;
				ASSETCATALOG_COMPILER_GLOBAL_ACCENT_COLOR_NAME = AccentColor;
				CODE_SIGN_STYLE = Automatic;
				CURRENT_PROJECT_VERSION = 1;
				DEVELOPMENT_ASSET_PATHS = "\"githubApp/Preview Content\"";
				ENABLE_PREVIEWS = YES;
				GENERATE_INFOPLIST_FILE = YES;
				INFOPLIST_KEY_UIApplicationSceneManifest_Generation = YES;
				INFOPLIST_KEY_UIApplicationSupportsIndirectInputEvents = YES;
				INFOPLIST_KEY_UILaunchScreen_Generation = YES;
				INFOPLIST_KEY_UISupportedInterfaceOrientations_iPad = "UIInterfaceOrientationPortrait UIInterfaceOrientationPortraitUpsideDown UIInterfaceOrientationLandscapeLeft UIInterfaceOrientationLandscapeRight";
				INFOPLIST_KEY_UISupportedInterfaceOrientations_iPhone = "UIInterfaceOrientationPortrait UIInterfaceOrientationLandscapeLeft UIInterfaceOrientationLandscapeRight";
				LD_RUNPATH_SEARCH_PATHS = (
					"$(inherited)",
					"@executable_path/Frameworks",
				);
				MARKETING_VERSION = 1.0;
				PRODUCT_BUNDLE_IDENTIFIER = com.sakatakeisuke.githubApp;
				PRODUCT_NAME = "$(TARGET_NAME)";
				SWIFT_EMIT_LOC_STRINGS = YES;
				SWIFT_VERSION = 5.0;
				TARGETED_DEVICE_FAMILY = "1,2";
			};
			name = Debug;
		};
		F67D18292C6F93E5003EDFA2 /* Release */ = {
			isa = XCBuildConfiguration;
			buildSettings = {
				ASSETCATALOG_COMPILER_APPICON_NAME = AppIcon;
				ASSETCATALOG_COMPILER_GLOBAL_ACCENT_COLOR_NAME = AccentColor;
				CODE_SIGN_STYLE = Automatic;
				CURRENT_PROJECT_VERSION = 1;
				DEVELOPMENT_ASSET_PATHS = "\"githubApp/Preview Content\"";
				ENABLE_PREVIEWS = YES;
				GENERATE_INFOPLIST_FILE = YES;
				INFOPLIST_KEY_UIApplicationSceneManifest_Generation = YES;
				INFOPLIST_KEY_UIApplicationSupportsIndirectInputEvents = YES;
				INFOPLIST_KEY_UILaunchScreen_Generation = YES;
				INFOPLIST_KEY_UISupportedInterfaceOrientations_iPad = "UIInterfaceOrientationPortrait UIInterfaceOrientationPortraitUpsideDown UIInterfaceOrientationLandscapeLeft UIInterfaceOrientationLandscapeRight";
				INFOPLIST_KEY_UISupportedInterfaceOrientations_iPhone = "UIInterfaceOrientationPortrait UIInterfaceOrientationLandscapeLeft UIInterfaceOrientationLandscapeRight";
				LD_RUNPATH_SEARCH_PATHS = (
					"$(inherited)",
					"@executable_path/Frameworks",
				);
				MARKETING_VERSION = 1.0;
				PRODUCT_BUNDLE_IDENTIFIER = com.sakatakeisuke.githubApp;
				PRODUCT_NAME = "$(TARGET_NAME)";
				SWIFT_EMIT_LOC_STRINGS = YES;
				SWIFT_VERSION = 5.0;
				TARGETED_DEVICE_FAMILY = "1,2";
			};
			name = Release;
		};
/* End XCBuildConfiguration section */

/* Begin XCConfigurationList section */
		F67D17FE2C6F93E3003EDFA2 /* Build configuration list for PBXProject "githubApp" */ = {
			isa = XCConfigurationList;
			buildConfigurations = (
				F67D18252C6F93E5003EDFA2 /* Debug */,
				F67D18262C6F93E5003EDFA2 /* Release */,
			);
			defaultConfigurationIsVisible = 0;
			defaultConfigurationName = Release;
		};
		F67D18272C6F93E5003EDFA2 /* Build configuration list for PBXNativeTarget "githubApp" */ = {
			isa = XCConfigurationList;
			buildConfigurations = (
				F67D18282C6F93E5003EDFA2 /* Debug */,
				F67D18292C6F93E5003EDFA2 /* Release */,
			);
			defaultConfigurationIsVisible = 0;
			defaultConfigurationName = Release;
		};
/* End XCConfigurationList section */

/* Begin XCRemoteSwiftPackageReference section */
		F67D18312C6FBF9C003EDFA2 /* XCRemoteSwiftPackageReference "swift-composable-architecture" */ = {
			isa = XCRemoteSwiftPackageReference;
			repositoryURL = "https://github.com/pointfreeco/swift-composable-architecture";
			requirement = {
				kind = upToNextMajorVersion;
				minimumVersion = 1.13.0;
			};
		};
/* End XCRemoteSwiftPackageReference section */

/* Begin XCSwiftPackageProductDependency section */
		F67D18322C6FBF9C003EDFA2 /* ComposableArchitecture */ = {
			isa = XCSwiftPackageProductDependency;
			package = F67D18312C6FBF9C003EDFA2 /* XCRemoteSwiftPackageReference "swift-composable-architecture" */;
			productName = ComposableArchitecture;
		};
/* End XCSwiftPackageProductDependency section */
	};
	rootObject = F67D17FB2C6F93E3003EDFA2 /* Project object */;
}
