// !$*UTF8*$!
{
	archiveVersion = 1;
	classes = {
	};
	objectVersion = 56;
	objects = {

/* Begin PBXBuildFile section */
		F67D18072C6F93E4003EDFA2 /* githubAppApp.swift in Sources */ = {isa = PBXBuildFile; fileRef = F67D18062C6F93E4003EDFA2 /* githubAppApp.swift */; };
		F67D18092C6F93E4003EDFA2 /* ContentView.swift in Sources */ = {isa = PBXBuildFile; fileRef = F67D18082C6F93E4003EDFA2 /* ContentView.swift */; };
		F67D180B2C6F93E5003EDFA2 /* Assets.xcassets in Resources */ = {isa = PBXBuildFile; fileRef = F67D180A2C6F93E5003EDFA2 /* Assets.xcassets */; };
		F67D180E2C6F93E5003EDFA2 /* Preview Assets.xcassets in Resources */ = {isa = PBXBuildFile; fileRef = F67D180D2C6F93E5003EDFA2 /* Preview Assets.xcassets */; };
		F67D18182C6F93E5003EDFA2 /* githubAppTests.swift in Sources */ = {isa = PBXBuildFile; fileRef = F67D18172C6F93E5003EDFA2 /* githubAppTests.swift */; };
		F67D18222C6F93E5003EDFA2 /* githubAppUITests.swift in Sources */ = {isa = PBXBuildFile; fileRef = F67D18212C6F93E5003EDFA2 /* githubAppUITests.swift */; };
		F67D18242C6F93E5003EDFA2 /* githubAppUITestsLaunchTests.swift in Sources */ = {isa = PBXBuildFile; fileRef = F67D18232C6F93E5003EDFA2 /* githubAppUITestsLaunchTests.swift */; };
/* End PBXBuildFile section */

/* Begin PBXContainerItemProxy section */
		F67D18142C6F93E5003EDFA2 /* PBXContainerItemProxy */ = {
			isa = PBXContainerItemProxy;
			containerPortal = F67D17FB2C6F93E3003EDFA2 /* Project object */;
			proxyType = 1;
			remoteGlobalIDString = F67D18022C6F93E4003EDFA2;
			remoteInfo = githubApp;
		};
		F67D181E2C6F93E5003EDFA2 /* PBXContainerItemProxy */ = {
			isa = PBXContainerItemProxy;
			containerPortal = F67D17FB2C6F93E3003EDFA2 /* Project object */;
			proxyType = 1;
			remoteGlobalIDString = F67D18022C6F93E4003EDFA2;
			remoteInfo = githubApp;
		};
/* End PBXContainerItemProxy section */

/* Begin PBXFileReference section */
		F67D18032C6F93E4003EDFA2 /* githubApp.app */ = {isa = PBXFileReference; explicitFileType = wrapper.application; includeInIndex = 0; path = githubApp.app; sourceTree = BUILT_PRODUCTS_DIR; };
		F67D18062C6F93E4003EDFA2 /* githubAppApp.swift */ = {isa = PBXFileReference; lastKnownFileType = sourcecode.swift; path = githubAppApp.swift; sourceTree = "<group>"; };
		F67D18082C6F93E4003EDFA2 /* ContentView.swift */ = {isa = PBXFileReference; lastKnownFileType = sourcecode.swift; path = ContentView.swift; sourceTree = "<group>"; };
		F67D180A2C6F93E5003EDFA2 /* Assets.xcassets */ = {isa = PBXFileReference; lastKnownFileType = folder.assetcatalog; path = Assets.xcassets; sourceTree = "<group>"; };
		F67D180D2C6F93E5003EDFA2 /* Preview Assets.xcassets */ = {isa = PBXFileReference; lastKnownFileType = folder.assetcatalog; path = "Preview Assets.xcassets"; sourceTree = "<group>"; };
		F67D18132C6F93E5003EDFA2 /* githubAppTests.xctest */ = {isa = PBXFileReference; explicitFileType = wrapper.cfbundle; includeInIndex = 0; path = githubAppTests.xctest; sourceTree = BUILT_PRODUCTS_DIR; };
		F67D18172C6F93E5003EDFA2 /* githubAppTests.swift */ = {isa = PBXFileReference; lastKnownFileType = sourcecode.swift; path = githubAppTests.swift; sourceTree = "<group>"; };
		F67D181D2C6F93E5003EDFA2 /* githubAppUITests.xctest */ = {isa = PBXFileReference; explicitFileType = wrapper.cfbundle; includeInIndex = 0; path = githubAppUITests.xctest; sourceTree = BUILT_PRODUCTS_DIR; };
		F67D18212C6F93E5003EDFA2 /* githubAppUITests.swift */ = {isa = PBXFileReference; lastKnownFileType = sourcecode.swift; path = githubAppUITests.swift; sourceTree = "<group>"; };
		F67D18232C6F93E5003EDFA2 /* githubAppUITestsLaunchTests.swift */ = {isa = PBXFileReference; lastKnownFileType = sourcecode.swift; path = githubAppUITestsLaunchTests.swift; sourceTree = "<group>"; };
/* End PBXFileReference section */

/* Begin PBXFrameworksBuildPhase section */
		F67D18002C6F93E4003EDFA2 /* Frameworks */ = {
			isa = PBXFrameworksBuildPhase;
			buildActionMask = 2147483647;
			files = (
			);
			runOnlyForDeploymentPostprocessing = 0;
		};
		F67D18102C6F93E5003EDFA2 /* Frameworks */ = {
			isa = PBXFrameworksBuildPhase;
			buildActionMask = 2147483647;
			files = (
			);
			runOnlyForDeploymentPostprocessing = 0;
		};
		F67D181A2C6F93E5003EDFA2 /* Frameworks */ = {
			isa = PBXFrameworksBuildPhase;
			buildActionMask = 2147483647;
			files = (
			);
			runOnlyForDeploymentPostprocessing = 0;
		};
/* End PBXFrameworksBuildPhase section */

/* Begin PBXGroup section */
		F67D17FA2C6F93E3003EDFA2 = {
			isa = PBXGroup;
			children = (
				F67D18052C6F93E4003EDFA2 /* githubApp */,
				F67D18162C6F93E5003EDFA2 /* githubAppTests */,
				F67D18202C6F93E5003EDFA2 /* githubAppUITests */,
				F67D18042C6F93E4003EDFA2 /* Products */,
			);
			sourceTree = "<group>";
		};
		F67D18042C6F93E4003EDFA2 /* Products */ = {
			isa = PBXGroup;
			children = (
				F67D18032C6F93E4003EDFA2 /* githubApp.app */,
				F67D18132C6F93E5003EDFA2 /* githubAppTests.xctest */,
				F67D181D2C6F93E5003EDFA2 /* githubAppUITests.xctest */,
			);
			name = Products;
			sourceTree = "<group>";
		};
		F67D18052C6F93E4003EDFA2 /* githubApp */ = {
			isa = PBXGroup;
			children = (
				F67D18062C6F93E4003EDFA2 /* githubAppApp.swift */,
				F67D18082C6F93E4003EDFA2 /* ContentView.swift */,
				F67D180A2C6F93E5003EDFA2 /* Assets.xcassets */,
				F67D180C2C6F93E5003EDFA2 /* Preview Content */,
			);
			path = githubApp;
			sourceTree = "<group>";
		};
		F67D180C2C6F93E5003EDFA2 /* Preview Content */ = {
			isa = PBXGroup;
			children = (
				F67D180D2C6F93E5003EDFA2 /* Preview Assets.xcassets */,
			);
			path = "Preview Content";
			sourceTree = "<group>";
		};
		F67D18162C6F93E5003EDFA2 /* githubAppTests */ = {
			isa = PBXGroup;
			children = (
				F67D18172C6F93E5003EDFA2 /* githubAppTests.swift */,
			);
			path = githubAppTests;
			sourceTree = "<group>";
		};
		F67D18202C6F93E5003EDFA2 /* githubAppUITests */ = {
			isa = PBXGroup;
			children = (
				F67D18212C6F93E5003EDFA2 /* githubAppUITests.swift */,
				F67D18232C6F93E5003EDFA2 /* githubAppUITestsLaunchTests.swift */,
			);
			path = githubAppUITests;
			sourceTree = "<group>";
		};
/* End PBXGroup section */

/* Begin PBXNativeTarget section */
		F67D18022C6F93E4003EDFA2 /* githubApp */ = {
			isa = PBXNativeTarget;
			buildConfigurationList = F67D18272C6F93E5003EDFA2 /* Build configuration list for PBXNativeTarget "githubApp" */;
			buildPhases = (
				F67D17FF2C6F93E4003EDFA2 /* Sources */,
				F67D18002C6F93E4003EDFA2 /* Frameworks */,
				F67D18012C6F93E4003EDFA2 /* Resources */,
			);
			buildRules = (
			);
			dependencies = (
			);
			name = githubApp;
			productName = githubApp;
			productReference = F67D18032C6F93E4003EDFA2 /* githubApp.app */;
			productType = "com.apple.product-type.application";
		};
		F67D18122C6F93E5003EDFA2 /* githubAppTests */ = {
			isa = PBXNativeTarget;
			buildConfigurationList = F67D182A2C6F93E5003EDFA2 /* Build configuration list for PBXNativeTarget "githubAppTests" */;
			buildPhases = (
				F67D180F2C6F93E5003EDFA2 /* Sources */,
				F67D18102C6F93E5003EDFA2 /* Frameworks */,
				F67D18112C6F93E5003EDFA2 /* Resources */,
			);
			buildRules = (
			);
			dependencies = (
				F67D18152C6F93E5003EDFA2 /* PBXTargetDependency */,
			);
			name = githubAppTests;
			productName = githubAppTests;
			productReference = F67D18132C6F93E5003EDFA2 /* githubAppTests.xctest */;
			productType = "com.apple.product-type.bundle.unit-test";
		};
		F67D181C2C6F93E5003EDFA2 /* githubAppUITests */ = {
			isa = PBXNativeTarget;
			buildConfigurationList = F67D182D2C6F93E5003EDFA2 /* Build configuration list for PBXNativeTarget "githubAppUITests" */;
			buildPhases = (
				F67D18192C6F93E5003EDFA2 /* Sources */,
				F67D181A2C6F93E5003EDFA2 /* Frameworks */,
				F67D181B2C6F93E5003EDFA2 /* Resources */,
			);
			buildRules = (
			);
			dependencies = (
				F67D181F2C6F93E5003EDFA2 /* PBXTargetDependency */,
			);
			name = githubAppUITests;
			productName = githubAppUITests;
			productReference = F67D181D2C6F93E5003EDFA2 /* githubAppUITests.xctest */;
			productType = "com.apple.product-type.bundle.ui-testing";
		};
/* End PBXNativeTarget section */

/* Begin PBXProject section */
		F67D17FB2C6F93E3003EDFA2 /* Project object */ = {
			isa = PBXProject;
			attributes = {
				BuildIndependentTargetsInParallel = 1;
				LastSwiftUpdateCheck = 1540;
				LastUpgradeCheck = 1540;
				TargetAttributes = {
					F67D18022C6F93E4003EDFA2 = {
						CreatedOnToolsVersion = 15.4;
					};
					F67D18122C6F93E5003EDFA2 = {
						CreatedOnToolsVersion = 15.4;
						TestTargetID = F67D18022C6F93E4003EDFA2;
					};
					F67D181C2C6F93E5003EDFA2 = {
						CreatedOnToolsVersion = 15.4;
						TestTargetID = F67D18022C6F93E4003EDFA2;
					};
				};
			};
			buildConfigurationList = F67D17FE2C6F93E3003EDFA2 /* Build configuration list for PBXProject "githubApp" */;
			compatibilityVersion = "Xcode 14.0";
			developmentRegion = en;
			hasScannedForEncodings = 0;
			knownRegions = (
				en,
				Base,
			);
			mainGroup = F67D17FA2C6F93E3003EDFA2;
			productRefGroup = F67D18042C6F93E4003EDFA2 /* Products */;
			projectDirPath = "";
			projectRoot = "";
			targets = (
				F67D18022C6F93E4003EDFA2 /* githubApp */,
				F67D18122C6F93E5003EDFA2 /* githubAppTests */,
				F67D181C2C6F93E5003EDFA2 /* githubAppUITests */,
			);
		};
/* End PBXProject section */

/* Begin PBXResourcesBuildPhase section */
		F67D18012C6F93E4003EDFA2 /* Resources */ = {
			isa = PBXResourcesBuildPhase;
			buildActionMask = 2147483647;
			files = (
				F67D180E2C6F93E5003EDFA2 /* Preview Assets.xcassets in Resources */,
				F67D180B2C6F93E5003EDFA2 /* Assets.xcassets in Resources */,
			);
			runOnlyForDeploymentPostprocessing = 0;
		};
		F67D18112C6F93E5003EDFA2 /* Resources */ = {
			isa = PBXResourcesBuildPhase;
			buildActionMask = 2147483647;
			files = (
			);
			runOnlyForDeploymentPostprocessing = 0;
		};
		F67D181B2C6F93E5003EDFA2 /* Resources */ = {
			isa = PBXResourcesBuildPhase;
			buildActionMask = 2147483647;
			files = (
			);
			runOnlyForDeploymentPostprocessing = 0;
		};
/* End PBXResourcesBuildPhase section */

/* Begin PBXSourcesBuildPhase section */
		F67D17FF2C6F93E4003EDFA2 /* Sources */ = {
			isa = PBXSourcesBuildPhase;
			buildActionMask = 2147483647;
			files = (
				F67D18092C6F93E4003EDFA2 /* ContentView.swift in Sources */,
				F67D18072C6F93E4003EDFA2 /* githubAppApp.swift in Sources */,
			);
			runOnlyForDeploymentPostprocessing = 0;
		};
		F67D180F2C6F93E5003EDFA2 /* Sources */ = {
			isa = PBXSourcesBuildPhase;
			buildActionMask = 2147483647;
			files = (
				F67D18182C6F93E5003EDFA2 /* githubAppTests.swift in Sources */,
			);
			runOnlyForDeploymentPostprocessing = 0;
		};
		F67D18192C6F93E5003EDFA2 /* Sources */ = {
			isa = PBXSourcesBuildPhase;
			buildActionMask = 2147483647;
			files = (
				F67D18222C6F93E5003EDFA2 /* githubAppUITests.swift in Sources */,
				F67D18242C6F93E5003EDFA2 /* githubAppUITestsLaunchTests.swift in Sources */,
			);
			runOnlyForDeploymentPostprocessing = 0;
		};
/* End PBXSourcesBuildPhase section */

/* Begin PBXTargetDependency section */
		F67D18152C6F93E5003EDFA2 /* PBXTargetDependency */ = {
			isa = PBXTargetDependency;
			target = F67D18022C6F93E4003EDFA2 /* githubApp */;
			targetProxy = F67D18142C6F93E5003EDFA2 /* PBXContainerItemProxy */;
		};
		F67D181F2C6F93E5003EDFA2 /* PBXTargetDependency */ = {
			isa = PBXTargetDependency;
			target = F67D18022C6F93E4003EDFA2 /* githubApp */;
			targetProxy = F67D181E2C6F93E5003EDFA2 /* PBXContainerItemProxy */;
		};
/* End PBXTargetDependency section */

/* Begin XCBuildConfiguration section */
		F67D18252C6F93E5003EDFA2 /* Debug */ = {
			isa = XCBuildConfiguration;
			buildSettings = {
				ALWAYS_SEARCH_USER_PATHS = NO;
				ASSETCATALOG_COMPILER_GENERATE_SWIFT_ASSET_SYMBOL_EXTENSIONS = YES;
				CLANG_ANALYZER_NONNULL = YES;
				CLANG_ANALYZER_NUMBER_OBJECT_CONVERSION = YES_AGGRESSIVE;
				CLANG_CXX_LANGUAGE_STANDARD = "gnu++20";
				CLANG_ENABLE_MODULES = YES;
				CLANG_ENABLE_OBJC_ARC = YES;
				CLANG_ENABLE_OBJC_WEAK = YES;
				CLANG_WARN_BLOCK_CAPTURE_AUTORELEASING = YES;
				CLANG_WARN_BOOL_CONVERSION = YES;
				CLANG_WARN_COMMA = YES;
				CLANG_WARN_CONSTANT_CONVERSION = YES;
				CLANG_WARN_DEPRECATED_OBJC_IMPLEMENTATIONS = YES;
				CLANG_WARN_DIRECT_OBJC_ISA_USAGE = YES_ERROR;
				CLANG_WARN_DOCUMENTATION_COMMENTS = YES;
				CLANG_WARN_EMPTY_BODY = YES;
				CLANG_WARN_ENUM_CONVERSION = YES;
				CLANG_WARN_INFINITE_RECURSION = YES;
				CLANG_WARN_INT_CONVERSION = YES;
				CLANG_WARN_NON_LITERAL_NULL_CONVERSION = YES;
				CLANG_WARN_OBJC_IMPLICIT_RETAIN_SELF = YES;
				CLANG_WARN_OBJC_LITERAL_CONVERSION = YES;
				CLANG_WARN_OBJC_ROOT_CLASS = YES_ERROR;
				CLANG_WARN_QUOTED_INCLUDE_IN_FRAMEWORK_HEADER = YES;
				CLANG_WARN_RANGE_LOOP_ANALYSIS = YES;
				CLANG_WARN_STRICT_PROTOTYPES = YES;
				CLANG_WARN_SUSPICIOUS_MOVE = YES;
				CLANG_WARN_UNGUARDED_AVAILABILITY = YES_AGGRESSIVE;
				CLANG_WARN_UNREACHABLE_CODE = YES;
				CLANG_WARN__DUPLICATE_METHOD_MATCH = YES;
				COPY_PHASE_STRIP = NO;
				DEBUG_INFORMATION_FORMAT = dwarf;
				ENABLE_STRICT_OBJC_MSGSEND = YES;
				ENABLE_TESTABILITY = YES;
				ENABLE_USER_SCRIPT_SANDBOXING = YES;
				GCC_C_LANGUAGE_STANDARD = gnu17;
				GCC_DYNAMIC_NO_PIC = NO;
				GCC_NO_COMMON_BLOCKS = YES;
				GCC_OPTIMIZATION_LEVEL = 0;
				GCC_PREPROCESSOR_DEFINITIONS = (
					"DEBUG=1",
					"$(inherited)",
				);
				GCC_WARN_64_TO_32_BIT_CONVERSION = YES;
				GCC_WARN_ABOUT_RETURN_TYPE = YES_ERROR;
				GCC_WARN_UNDECLARED_SELECTOR = YES;
				GCC_WARN_UNINITIALIZED_AUTOS = YES_AGGRESSIVE;
				GCC_WARN_UNUSED_FUNCTION = YES;
				GCC_WARN_UNUSED_VARIABLE = YES;
				IPHONEOS_DEPLOYMENT_TARGET = 17.5;
				LOCALIZATION_PREFERS_STRING_CATALOGS = YES;
				MTL_ENABLE_DEBUG_INFO = INCLUDE_SOURCE;
				MTL_FAST_MATH = YES;
				ONLY_ACTIVE_ARCH = YES;
				SDKROOT = iphoneos;
				SWIFT_ACTIVE_COMPILATION_CONDITIONS = "DEBUG $(inherited)";
				SWIFT_OPTIMIZATION_LEVEL = "-Onone";
			};
			name = Debug;
		};
		F67D18262C6F93E5003EDFA2 /* Release */ = {
			isa = XCBuildConfiguration;
			buildSettings = {
				ALWAYS_SEARCH_USER_PATHS = NO;
				ASSETCATALOG_COMPILER_GENERATE_SWIFT_ASSET_SYMBOL_EXTENSIONS = YES;
				CLANG_ANALYZER_NONNULL = YES;
				CLANG_ANALYZER_NUMBER_OBJECT_CONVERSION = YES_AGGRESSIVE;
				CLANG_CXX_LANGUAGE_STANDARD = "gnu++20";
				CLANG_ENABLE_MODULES = YES;
				CLANG_ENABLE_OBJC_ARC = YES;
				CLANG_ENABLE_OBJC_WEAK = YES;
				CLANG_WARN_BLOCK_CAPTURE_AUTORELEASING = YES;
				CLANG_WARN_BOOL_CONVERSION = YES;
				CLANG_WARN_COMMA = YES;
				CLANG_WARN_CONSTANT_CONVERSION = YES;
				CLANG_WARN_DEPRECATED_OBJC_IMPLEMENTATIONS = YES;
				CLANG_WARN_DIRECT_OBJC_ISA_USAGE = YES_ERROR;
				CLANG_WARN_DOCUMENTATION_COMMENTS = YES;
				CLANG_WARN_EMPTY_BODY = YES;
				CLANG_WARN_ENUM_CONVERSION = YES;
				CLANG_WARN_INFINITE_RECURSION = YES;
				CLANG_WARN_INT_CONVERSION = YES;
				CLANG_WARN_NON_LITERAL_NULL_CONVERSION = YES;
				CLANG_WARN_OBJC_IMPLICIT_RETAIN_SELF = YES;
				CLANG_WARN_OBJC_LITERAL_CONVERSION = YES;
				CLANG_WARN_OBJC_ROOT_CLASS = YES_ERROR;
				CLANG_WARN_QUOTED_INCLUDE_IN_FRAMEWORK_HEADER = YES;
				CLANG_WARN_RANGE_LOOP_ANALYSIS = YES;
				CLANG_WARN_STRICT_PROTOTYPES = YES;
				CLANG_WARN_SUSPICIOUS_MOVE = YES;
				CLANG_WARN_UNGUARDED_AVAILABILITY = YES_AGGRESSIVE;
				CLANG_WARN_UNREACHABLE_CODE = YES;
				CLANG_WARN__DUPLICATE_METHOD_MATCH = YES;
				COPY_PHASE_STRIP = NO;
				DEBUG_INFORMATION_FORMAT = "dwarf-with-dsym";
				ENABLE_NS_ASSERTIONS = NO;
				ENABLE_STRICT_OBJC_MSGSEND = YES;
				ENABLE_USER_SCRIPT_SANDBOXING = YES;
				GCC_C_LANGUAGE_STANDARD = gnu17;
				GCC_NO_COMMON_BLOCKS = YES;
				GCC_WARN_64_TO_32_BIT_CONVERSION = YES;
				GCC_WARN_ABOUT_RETURN_TYPE = YES_ERROR;
				GCC_WARN_UNDECLARED_SELECTOR = YES;
				GCC_WARN_UNINITIALIZED_AUTOS = YES_AGGRESSIVE;
				GCC_WARN_UNUSED_FUNCTION = YES;
				GCC_WARN_UNUSED_VARIABLE = YES;
				IPHONEOS_DEPLOYMENT_TARGET = 17.5;
				LOCALIZATION_PREFERS_STRING_CATALOGS = YES;
				MTL_ENABLE_DEBUG_INFO = NO;
				MTL_FAST_MATH = YES;
				SDKROOT = iphoneos;
				SWIFT_COMPILATION_MODE = wholemodule;
				VALIDATE_PRODUCT = YES;
			};
			name = Release;
		};
		F67D18282C6F93E5003EDFA2 /* Debug */ = {
			isa = XCBuildConfiguration;
			buildSettings = {
				ASSETCATALOG_COMPILER_APPICON_NAME = AppIcon;
				ASSETCATALOG_COMPILER_GLOBAL_ACCENT_COLOR_NAME = AccentColor;
				CODE_SIGN_STYLE = Automatic;
				CURRENT_PROJECT_VERSION = 1;
				DEVELOPMENT_ASSET_PATHS = "\"githubApp/Preview Content\"";
				ENABLE_PREVIEWS = YES;
				GENERATE_INFOPLIST_FILE = YES;
				INFOPLIST_KEY_UIApplicationSceneManifest_Generation = YES;
				INFOPLIST_KEY_UIApplicationSupportsIndirectInputEvents = YES;
				INFOPLIST_KEY_UILaunchScreen_Generation = YES;
				INFOPLIST_KEY_UISupportedInterfaceOrientations_iPad = "UIInterfaceOrientationPortrait UIInterfaceOrientationPortraitUpsideDown UIInterfaceOrientationLandscapeLeft UIInterfaceOrientationLandscapeRight";
				INFOPLIST_KEY_UISupportedInterfaceOrientations_iPhone = "UIInterfaceOrientationPortrait UIInterfaceOrientationLandscapeLeft UIInterfaceOrientationLandscapeRight";
				LD_RUNPATH_SEARCH_PATHS = (
					"$(inherited)",
					"@executable_path/Frameworks",
				);
				MARKETING_VERSION = 1.0;
				PRODUCT_BUNDLE_IDENTIFIER = com.sakatakeisuke.githubApp;
				PRODUCT_NAME = "$(TARGET_NAME)";
				SWIFT_EMIT_LOC_STRINGS = YES;
				SWIFT_VERSION = 5.0;
				TARGETED_DEVICE_FAMILY = "1,2";
			};
			name = Debug;
		};
		F67D18292C6F93E5003EDFA2 /* Release */ = {
			isa = XCBuildConfiguration;
			buildSettings = {
				ASSETCATALOG_COMPILER_APPICON_NAME = AppIcon;
				ASSETCATALOG_COMPILER_GLOBAL_ACCENT_COLOR_NAME = AccentColor;
				CODE_SIGN_STYLE = Automatic;
				CURRENT_PROJECT_VERSION = 1;
				DEVELOPMENT_ASSET_PATHS = "\"githubApp/Preview Content\"";
				ENABLE_PREVIEWS = YES;
				GENERATE_INFOPLIST_FILE = YES;
				INFOPLIST_KEY_UIApplicationSceneManifest_Generation = YES;
				INFOPLIST_KEY_UIApplicationSupportsIndirectInputEvents = YES;
				INFOPLIST_KEY_UILaunchScreen_Generation = YES;
				INFOPLIST_KEY_UISupportedInterfaceOrientations_iPad = "UIInterfaceOrientationPortrait UIInterfaceOrientationPortraitUpsideDown UIInterfaceOrientationLandscapeLeft UIInterfaceOrientationLandscapeRight";
				INFOPLIST_KEY_UISupportedInterfaceOrientations_iPhone = "UIInterfaceOrientationPortrait UIInterfaceOrientationLandscapeLeft UIInterfaceOrientationLandscapeRight";
				LD_RUNPATH_SEARCH_PATHS = (
					"$(inherited)",
					"@executable_path/Frameworks",
				);
				MARKETING_VERSION = 1.0;
				PRODUCT_BUNDLE_IDENTIFIER = com.sakatakeisuke.githubApp;
				PRODUCT_NAME = "$(TARGET_NAME)";
				SWIFT_EMIT_LOC_STRINGS = YES;
				SWIFT_VERSION = 5.0;
				TARGETED_DEVICE_FAMILY = "1,2";
			};
			name = Release;
		};
		F67D182B2C6F93E5003EDFA2 /* Debug */ = {
			isa = XCBuildConfiguration;
			buildSettings = {
				ALWAYS_EMBED_SWIFT_STANDARD_LIBRARIES = YES;
				BUNDLE_LOADER = "$(TEST_HOST)";
				CODE_SIGN_STYLE = Automatic;
				CURRENT_PROJECT_VERSION = 1;
				GENERATE_INFOPLIST_FILE = YES;
				IPHONEOS_DEPLOYMENT_TARGET = 17.5;
				MARKETING_VERSION = 1.0;
				PRODUCT_BUNDLE_IDENTIFIER = com.sakatakeisuke.githubAppTests;
				PRODUCT_NAME = "$(TARGET_NAME)";
				SWIFT_EMIT_LOC_STRINGS = NO;
				SWIFT_VERSION = 5.0;
				TARGETED_DEVICE_FAMILY = "1,2";
				TEST_HOST = "$(BUILT_PRODUCTS_DIR)/githubApp.app/$(BUNDLE_EXECUTABLE_FOLDER_PATH)/githubApp";
			};
			name = Debug;
		};
		F67D182C2C6F93E5003EDFA2 /* Release */ = {
			isa = XCBuildConfiguration;
			buildSettings = {
				ALWAYS_EMBED_SWIFT_STANDARD_LIBRARIES = YES;
				BUNDLE_LOADER = "$(TEST_HOST)";
				CODE_SIGN_STYLE = Automatic;
				CURRENT_PROJECT_VERSION = 1;
				GENERATE_INFOPLIST_FILE = YES;
				IPHONEOS_DEPLOYMENT_TARGET = 17.5;
				MARKETING_VERSION = 1.0;
				PRODUCT_BUNDLE_IDENTIFIER = com.sakatakeisuke.githubAppTests;
				PRODUCT_NAME = "$(TARGET_NAME)";
				SWIFT_EMIT_LOC_STRINGS = NO;
				SWIFT_VERSION = 5.0;
				TARGETED_DEVICE_FAMILY = "1,2";
				TEST_HOST = "$(BUILT_PRODUCTS_DIR)/githubApp.app/$(BUNDLE_EXECUTABLE_FOLDER_PATH)/githubApp";
			};
			name = Release;
		};
		F67D182E2C6F93E5003EDFA2 /* Debug */ = {
			isa = XCBuildConfiguration;
			buildSettings = {
				ALWAYS_EMBED_SWIFT_STANDARD_LIBRARIES = YES;
				CODE_SIGN_STYLE = Automatic;
				CURRENT_PROJECT_VERSION = 1;
				GENERATE_INFOPLIST_FILE = YES;
				MARKETING_VERSION = 1.0;
				PRODUCT_BUNDLE_IDENTIFIER = com.sakatakeisuke.githubAppUITests;
				PRODUCT_NAME = "$(TARGET_NAME)";
				SWIFT_EMIT_LOC_STRINGS = NO;
				SWIFT_VERSION = 5.0;
				TARGETED_DEVICE_FAMILY = "1,2";
				TEST_TARGET_NAME = githubApp;
			};
			name = Debug;
		};
		F67D182F2C6F93E5003EDFA2 /* Release */ = {
			isa = XCBuildConfiguration;
			buildSettings = {
				ALWAYS_EMBED_SWIFT_STANDARD_LIBRARIES = YES;
				CODE_SIGN_STYLE = Automatic;
				CURRENT_PROJECT_VERSION = 1;
				GENERATE_INFOPLIST_FILE = YES;
				MARKETING_VERSION = 1.0;
				PRODUCT_BUNDLE_IDENTIFIER = com.sakatakeisuke.githubAppUITests;
				PRODUCT_NAME = "$(TARGET_NAME)";
				SWIFT_EMIT_LOC_STRINGS = NO;
				SWIFT_VERSION = 5.0;
				TARGETED_DEVICE_FAMILY = "1,2";
				TEST_TARGET_NAME = githubApp;
			};
			name = Release;
		};
/* End XCBuildConfiguration section */

/* Begin XCConfigurationList section */
		F67D17FE2C6F93E3003EDFA2 /* Build configuration list for PBXProject "githubApp" */ = {
			isa = XCConfigurationList;
			buildConfigurations = (
				F67D18252C6F93E5003EDFA2 /* Debug */,
				F67D18262C6F93E5003EDFA2 /* Release */,
			);
			defaultConfigurationIsVisible = 0;
			defaultConfigurationName = Release;
		};
		F67D18272C6F93E5003EDFA2 /* Build configuration list for PBXNativeTarget "githubApp" */ = {
			isa = XCConfigurationList;
			buildConfigurations = (
				F67D18282C6F93E5003EDFA2 /* Debug */,
				F67D18292C6F93E5003EDFA2 /* Release */,
			);
			defaultConfigurationIsVisible = 0;
			defaultConfigurationName = Release;
		};
		F67D182A2C6F93E5003EDFA2 /* Build configuration list for PBXNativeTarget "githubAppTests" */ = {
			isa = XCConfigurationList;
			buildConfigurations = (
				F67D182B2C6F93E5003EDFA2 /* Debug */,
				F67D182C2C6F93E5003EDFA2 /* Release */,
			);
			defaultConfigurationIsVisible = 0;
			defaultConfigurationName = Release;
		};
		F67D182D2C6F93E5003EDFA2 /* Build configuration list for PBXNativeTarget "githubAppUITests" */ = {
			isa = XCConfigurationList;
			buildConfigurations = (
				F67D182E2C6F93E5003EDFA2 /* Debug */,
				F67D182F2C6F93E5003EDFA2 /* Release */,
			);
			defaultConfigurationIsVisible = 0;
			defaultConfigurationName = Release;
		};
/* End XCConfigurationList section */
	};
	rootObject = F67D17FB2C6F93E3003EDFA2 /* Project object */;
}
